
Microsoft Visual Studio Solution File, Format Version 12.00
# Visual Studio Version 16
VisualStudioVersion = 16.0.31005.135
MinimumVisualStudioVersion = 10.0.40219.1
Project("{FAE04EC0-301F-11D3-BF4B-00C04F79EFBC}") = "UserMaintenance", "UserMaintenance\UserMaintenance.csproj", "{7FFB64F0-C531-44DD-8838-BB6075FAB721}"
EndProject
Project("{FAE04EC0-301F-11D3-BF4B-00C04F79EFBC}") = "Excel", "Excel\Excel.csproj", "{073DC1A2-13D8-44EA-805C-2FF5226BD7FF}"
EndProject
Global
	GlobalSection(SolutionConfigurationPlatforms) = preSolution
		Debug|Any CPU = Debug|Any CPU
		Release|Any CPU = Release|Any CPU
	EndGlobalSection
	GlobalSection(ProjectConfigurationPlatforms) = postSolution
		{7FFB64F0-C531-44DD-8838-BB6075FAB721}.Debug|Any CPU.ActiveCfg = Debug|Any CPU
		{7FFB64F0-C531-44DD-8838-BB6075FAB721}.Debug|Any CPU.Build.0 = Debug|Any CPU
		{7FFB64F0-C531-44DD-8838-BB6075FAB721}.Release|Any CPU.ActiveCfg = Release|Any CPU
		{7FFB64F0-C531-44DD-8838-BB6075FAB721}.Release|Any CPU.Build.0 = Release|Any CPU
		{073DC1A2-13D8-44EA-805C-2FF5226BD7FF}.Debug|Any CPU.ActiveCfg = Debug|Any CPU
		{073DC1A2-13D8-44EA-805C-2FF5226BD7FF}.Debug|Any CPU.Build.0 = Debug|Any CPU
		{073DC1A2-13D8-44EA-805C-2FF5226BD7FF}.Release|Any CPU.ActiveCfg = Release|Any CPU
		{073DC1A2-13D8-44EA-805C-2FF5226BD7FF}.Release|Any CPU.Build.0 = Release|Any CPU
	EndGlobalSection
	GlobalSection(SolutionProperties) = preSolution
		HideSolutionNode = FALSE
	EndGlobalSection
	GlobalSection(ExtensibilityGlobals) = postSolution
		SolutionGuid = {A0F9DACE-2502-4121-B6A6-92F6BA81A6EF}
	EndGlobalSection
EndGlobal
